
Microsoft Visual Studio Solution File, Format Version 12.00
# Visual Studio 15
VisualStudioVersion = 15.0.28307.902
MinimumVisualStudioVersion = 10.0.40219.1
Project("{9A19103F-16F7-4668-BE54-9A1E7A4F7556}") = "cribrage", "cribrage.csproj", "{4D3A13B4-28CE-4C76-B4D1-9E8F84DD15DC}"
EndProject
Project("{FAE04EC0-301F-11D3-BF4B-00C04F79EFBC}") = "CribbageTest", "..\CribbageTest\CribbageTest.csproj", "{E62B0649-5B46-483C-BEE3-18CB6CB43452}"
EndProject
Global
	GlobalSection(SolutionConfigurationPlatforms) = preSolution
		Debug|Any CPU = Debug|Any CPU
		Release|Any CPU = Release|Any CPU
	EndGlobalSection
	GlobalSection(ProjectConfigurationPlatforms) = postSolution
		{4D3A13B4-28CE-4C76-B4D1-9E8F84DD15DC}.Debug|Any CPU.ActiveCfg = Debug|Any CPU
		{4D3A13B4-28CE-4C76-B4D1-9E8F84DD15DC}.Debug|Any CPU.Build.0 = Debug|Any CPU
		{4D3A13B4-28CE-4C76-B4D1-9E8F84DD15DC}.Release|Any CPU.ActiveCfg = Release|Any CPU
		{4D3A13B4-28CE-4C76-B4D1-9E8F84DD15DC}.Release|Any CPU.Build.0 = Release|Any CPU
		{E62B0649-5B46-483C-BEE3-18CB6CB43452}.Debug|Any CPU.ActiveCfg = Debug|Any CPU
		{E62B0649-5B46-483C-BEE3-18CB6CB43452}.Debug|Any CPU.Build.0 = Debug|Any CPU
		{E62B0649-5B46-483C-BEE3-18CB6CB43452}.Release|Any CPU.ActiveCfg = Release|Any CPU
		{E62B0649-5B46-483C-BEE3-18CB6CB43452}.Release|Any CPU.Build.0 = Release|Any CPU
	EndGlobalSection
	GlobalSection(SolutionProperties) = preSolution
		HideSolutionNode = FALSE
	EndGlobalSection
	GlobalSection(ExtensibilityGlobals) = postSolution
		SolutionGuid = {C05DC2EC-4CDE-4E84-9274-A140043E9978}
	EndGlobalSection
EndGlobal
